
Microsoft Visual Studio Solution File, Format Version 12.00
# Visual Studio Version 17
VisualStudioVersion = 17.6.33723.286
MinimumVisualStudioVersion = 10.0.40219.1
Project("{FAE04EC0-301F-11D3-BF4B-00C04F79EFBC}") = "DSAProblems", "DSAProblems\DSAProblems.csproj", "{B9C3B75E-3718-4222-8113-4D226D922470}"
EndProject
Global
	GlobalSection(SolutionConfigurationPlatforms) = preSolution
		Debug|Any CPU = Debug|Any CPU
		Release|Any CPU = Release|Any CPU
	EndGlobalSection
	GlobalSection(ProjectConfigurationPlatforms) = postSolution
		{B9C3B75E-3718-4222-8113-4D226D922470}.Debug|Any CPU.ActiveCfg = Debug|Any CPU
		{B9C3B75E-3718-4222-8113-4D226D922470}.Debug|Any CPU.Build.0 = Debug|Any CPU
		{B9C3B75E-3718-4222-8113-4D226D922470}.Release|Any CPU.ActiveCfg = Release|Any CPU
		{B9C3B75E-3718-4222-8113-4D226D922470}.Release|Any CPU.Build.0 = Release|Any CPU
	EndGlobalSection
	GlobalSection(SolutionProperties) = preSolution
		HideSolutionNode = FALSE
	EndGlobalSection
	GlobalSection(ExtensibilityGlobals) = postSolution
		SolutionGuid = {19C7FCFE-D316-461B-9BCA-D9624240E538}
	EndGlobalSection
EndGlobal
